{
  "name": "zerone",
  "version": "0.0.1",
  "lockfileVersion": 2,
  "requires": true,
  "packages": {
    "": {
      "name": "zerone",
      "version": "0.0.1",
      "license": "Apache-2.0",
      "dependencies": {
        "telnetlib": "^1.0.1",
        "ws": "^8.2.3"
      }
    },
    "node_modules/telnetlib": {
      "version": "1.0.1",
      "resolved": "https://registry.npmjs.org/telnetlib/-/telnetlib-1.0.1.tgz",
      "integrity": "sha512-xTjdk2xk7Vo2uQR9e40Zn7ELD68rhyRw7S3wmtPrc2bXTSbKFnYEN6k9mevt/i5ItQxm5reuRncl7gZogl7XIw=="
    },
    "node_modules/ws": {
      "version": "8.2.3",
      "resolved": "https://registry.npmjs.org/ws/-/ws-8.2.3.tgz",
      "integrity": "sha512-wBuoj1BDpC6ZQ1B7DWQBYVLphPWkm8i9Y0/3YdHjHKHiohOJ1ws+3OccDWtH+PoC9DZD5WOTrJvNbWvjS6JWaA==",
      "engines": {
        "node": ">=10.0.0"
      },
      "peerDependencies": {
        "bufferutil": "^4.0.1",
        "utf-8-validate": "^5.0.2"
      },
      "peerDependenciesMeta": {
        "bufferutil": {
          "optional": true
        },
        "utf-8-validate": {
          "optional": true
        }
      }
    }
  },
  "dependencies": {
    "telnetlib": {
      "version": "1.0.1",
      "resolved": "https://registry.npmjs.org/telnetlib/-/telnetlib-1.0.1.tgz",
      "integrity": "sha512-xTjdk2xk7Vo2uQR9e40Zn7ELD68rhyRw7S3wmtPrc2bXTSbKFnYEN6k9mevt/i5ItQxm5reuRncl7gZogl7XIw=="
    },
    "ws": {
      "version": "8.2.3",
      "resolved": "https://registry.npmjs.org/ws/-/ws-8.2.3.tgz",
      "integrity": "sha512-wBuoj1BDpC6ZQ1B7DWQBYVLphPWkm8i9Y0/3YdHjHKHiohOJ1ws+3OccDWtH+PoC9DZD5WOTrJvNbWvjS6JWaA==",
      "requires": {}
    }
  }
}
